
Microsoft Visual Studio Solution File, Format Version 12.00
# Visual Studio Version 16
VisualStudioVersion = 16.0.31321.278
MinimumVisualStudioVersion = 10.0.40219.1
Project("{159641D6-6404-4A2A-AE62-294DE0FE8301}") = "PrimerProyecto", "PrimerProyecto\PrimerProyecto.dtproj", "{27C7004D-FEFD-40FF-B775-5011618AFC8F}"
EndProject
Global
	GlobalSection(SolutionConfigurationPlatforms) = preSolution
		Development|Default = Development|Default
	EndGlobalSection
	GlobalSection(ProjectConfigurationPlatforms) = postSolution
		{27C7004D-FEFD-40FF-B775-5011618AFC8F}.Development|Default.ActiveCfg = Development
		{27C7004D-FEFD-40FF-B775-5011618AFC8F}.Development|Default.Build.0 = Development
	EndGlobalSection
	GlobalSection(SolutionProperties) = preSolution
		HideSolutionNode = FALSE
	EndGlobalSection
	GlobalSection(ExtensibilityGlobals) = postSolution
		SolutionGuid = {6979A369-E5B5-4A89-BF4C-D7281D737B7E}
	EndGlobalSection
EndGlobal
